{
  "name": "reactive-stream",
  "version": "0.0.1",
  "lockfileVersion": 1,
  "requires": true,
  "dependencies": {
    "lit-html": {
      "version": "1.2.1",
      "resolved": "https://registry.npmjs.org/lit-html/-/lit-html-1.2.1.tgz",
      "integrity": "sha512-GSJHHXMGLZDzTRq59IUfL9FCdAlGfqNp/dEa7k7aBaaWD+JKaCjsAk9KYm2V12ItonVaYx2dprN66Zdm1AuBTQ=="
    },
    "mergerino": {
      "version": "0.4.0",
      "resolved": "https://registry.npmjs.org/mergerino/-/mergerino-0.4.0.tgz",
      "integrity": "sha512-dvyWWLp9GN7OZoAoqn1u2ewCDV06oggVi6AwFsgHxUV8jNnaTOMEyux3fZ7Njm7Hg/ypK2+M0p6liCIEWcJnbg=="
    }
  }
}
